
Microsoft Visual Studio Solution File, Format Version 12.00
# Visual Studio Version 17
VisualStudioVersion = 17.5.33516.290
MinimumVisualStudioVersion = 10.0.40219.1
Project("{FAE04EC0-301F-11D3-BF4B-00C04F79EFBC}") = "Hastane_Proje", "Hastane_Proje\Hastane_Proje.csproj", "{ABC90FA4-1606-437B-9A93-022C8C22249B}"
EndProject
Global
	GlobalSection(SolutionConfigurationPlatforms) = preSolution
		Debug|Any CPU = Debug|Any CPU
		Release|Any CPU = Release|Any CPU
	EndGlobalSection
	GlobalSection(ProjectConfigurationPlatforms) = postSolution
		{ABC90FA4-1606-437B-9A93-022C8C22249B}.Debug|Any CPU.ActiveCfg = Debug|Any CPU
		{ABC90FA4-1606-437B-9A93-022C8C22249B}.Debug|Any CPU.Build.0 = Debug|Any CPU
		{ABC90FA4-1606-437B-9A93-022C8C22249B}.Release|Any CPU.ActiveCfg = Release|Any CPU
		{ABC90FA4-1606-437B-9A93-022C8C22249B}.Release|Any CPU.Build.0 = Release|Any CPU
	EndGlobalSection
	GlobalSection(SolutionProperties) = preSolution
		HideSolutionNode = FALSE
	EndGlobalSection
	GlobalSection(ExtensibilityGlobals) = postSolution
		SolutionGuid = {3B250868-68DD-4FB7-A538-B997EF060F42}
	EndGlobalSection
EndGlobal
